
Microsoft Visual Studio Solution File, Format Version 12.00
# Visual Studio Version 17
VisualStudioVersion = 17.9.34723.18
MinimumVisualStudioVersion = 10.0.40219.1
Project("{FAE04EC0-301F-11D3-BF4B-00C04F79EFBC}") = "FlurlPokeApi", "FlurlPokeApi\FlurlPokeApi.csproj", "{FF7C7485-2E76-447D-B106-3471C5F48D22}"
EndProject
Global
	GlobalSection(SolutionConfigurationPlatforms) = preSolution
		Debug|Any CPU = Debug|Any CPU
		Release|Any CPU = Release|Any CPU
	EndGlobalSection
	GlobalSection(ProjectConfigurationPlatforms) = postSolution
		{FF7C7485-2E76-447D-B106-3471C5F48D22}.Debug|Any CPU.ActiveCfg = Debug|Any CPU
		{FF7C7485-2E76-447D-B106-3471C5F48D22}.Debug|Any CPU.Build.0 = Debug|Any CPU
		{FF7C7485-2E76-447D-B106-3471C5F48D22}.Release|Any CPU.ActiveCfg = Release|Any CPU
		{FF7C7485-2E76-447D-B106-3471C5F48D22}.Release|Any CPU.Build.0 = Release|Any CPU
	EndGlobalSection
	GlobalSection(SolutionProperties) = preSolution
		HideSolutionNode = FALSE
	EndGlobalSection
	GlobalSection(ExtensibilityGlobals) = postSolution
		SolutionGuid = {2BF3C1C8-4E40-4470-AAFC-587ADCBD6CA8}
	EndGlobalSection
EndGlobal
